
Microsoft Visual Studio Solution File, Format Version 12.00
# Visual Studio Version 17
VisualStudioVersion = 17.6.33723.286
MinimumVisualStudioVersion = 10.0.40219.1
Project("{FAE04EC0-301F-11D3-BF4B-00C04F79EFBC}") = "AttendanceSystem", "AttendanceSystem\AttendanceSystem.csproj", "{60C81780-6492-43EB-B521-D3153DB82159}"
EndProject
Global
	GlobalSection(SolutionConfigurationPlatforms) = preSolution
		Debug|Any CPU = Debug|Any CPU
		Release|Any CPU = Release|Any CPU
	EndGlobalSection
	GlobalSection(ProjectConfigurationPlatforms) = postSolution
		{60C81780-6492-43EB-B521-D3153DB82159}.Debug|Any CPU.ActiveCfg = Debug|Any CPU
		{60C81780-6492-43EB-B521-D3153DB82159}.Debug|Any CPU.Build.0 = Debug|Any CPU
		{60C81780-6492-43EB-B521-D3153DB82159}.Release|Any CPU.ActiveCfg = Release|Any CPU
		{60C81780-6492-43EB-B521-D3153DB82159}.Release|Any CPU.Build.0 = Release|Any CPU
	EndGlobalSection
	GlobalSection(SolutionProperties) = preSolution
		HideSolutionNode = FALSE
	EndGlobalSection
	GlobalSection(ExtensibilityGlobals) = postSolution
		SolutionGuid = {6BB5B13C-810A-4DCB-AF1A-02C3E694CC56}
	EndGlobalSection
EndGlobal
